
Microsoft Visual Studio Solution File, Format Version 12.00
# Visual Studio 15
VisualStudioVersion = 15.0.27004.2006
MinimumVisualStudioVersion = 10.0.40219.1
Project("{FAE04EC0-301F-11D3-BF4B-00C04F79EFBC}") = "TMDBXamarin.Android", "TMDBXamarin\TMDBXamarin.Android\TMDBXamarin.Android.csproj", "{11407284-FFBA-4C49-8C25-0EB4D3E8FE1E}"
EndProject
Project("{FAE04EC0-301F-11D3-BF4B-00C04F79EFBC}") = "TMDBXamarin", "TMDBXamarin\TMDBXamarin\TMDBXamarin.csproj", "{9CF12CA0-E0FD-4616-988A-5906460FF221}"
EndProject
Project("{FAE04EC0-301F-11D3-BF4B-00C04F79EFBC}") = "TMDBXamarin.iOS", "TMDBXamarin\TMDBXamarin.iOS\TMDBXamarin.iOS.csproj", "{8144C2E3-931D-4C18-BD13-16AF381F583E}"
EndProject
Project("{FAE04EC0-301F-11D3-BF4B-00C04F79EFBC}") = "UnitTest", "UnitTest\UnitTest.csproj", "{08B7A4E0-94C9-4B43-8130-5749CF8E7264}"
EndProject
Global
	GlobalSection(SolutionConfigurationPlatforms) = preSolution
		Ad-Hoc|Any CPU = Ad-Hoc|Any CPU
		Ad-Hoc|iPhone = Ad-Hoc|iPhone
		Ad-Hoc|iPhoneSimulator = Ad-Hoc|iPhoneSimulator
		AppStore|Any CPU = AppStore|Any CPU
		AppStore|iPhone = AppStore|iPhone
		AppStore|iPhoneSimulator = AppStore|iPhoneSimulator
		Debug|Any CPU = Debug|Any CPU
		Debug|iPhone = Debug|iPhone
		Debug|iPhoneSimulator = Debug|iPhoneSimulator
		Release|Any CPU = Release|Any CPU
		Release|iPhone = Release|iPhone
		Release|iPhoneSimulator = Release|iPhoneSimulator
	EndGlobalSection
	GlobalSection(ProjectConfigurationPlatforms) = postSolution
		{11407284-FFBA-4C49-8C25-0EB4D3E8FE1E}.Ad-Hoc|Any CPU.ActiveCfg = Release|Any CPU
		{11407284-FFBA-4C49-8C25-0EB4D3E8FE1E}.Ad-Hoc|Any CPU.Build.0 = Release|Any CPU
		{11407284-FFBA-4C49-8C25-0EB4D3E8FE1E}.Ad-Hoc|Any CPU.Deploy.0 = Release|Any CPU
		{11407284-FFBA-4C49-8C25-0EB4D3E8FE1E}.Ad-Hoc|iPhone.ActiveCfg = Release|Any CPU
		{11407284-FFBA-4C49-8C25-0EB4D3E8FE1E}.Ad-Hoc|iPhone.Build.0 = Release|Any CPU
		{11407284-FFBA-4C49-8C25-0EB4D3E8FE1E}.Ad-Hoc|iPhone.Deploy.0 = Release|Any CPU
		{11407284-FFBA-4C49-8C25-0EB4D3E8FE1E}.Ad-Hoc|iPhoneSimulator.ActiveCfg = Release|Any CPU
		{11407284-FFBA-4C49-8C25-0EB4D3E8FE1E}.Ad-Hoc|iPhoneSimulator.Build.0 = Release|Any CPU
		{11407284-FFBA-4C49-8C25-0EB4D3E8FE1E}.Ad-Hoc|iPhoneSimulator.Deploy.0 = Release|Any CPU
		{11407284-FFBA-4C49-8C25-0EB4D3E8FE1E}.AppStore|Any CPU.ActiveCfg = Release|Any CPU
		{11407284-FFBA-4C49-8C25-0EB4D3E8FE1E}.AppStore|Any CPU.Build.0 = Release|Any CPU
		{11407284-FFBA-4C49-8C25-0EB4D3E8FE1E}.AppStore|Any CPU.Deploy.0 = Release|Any CPU
		{11407284-FFBA-4C49-8C25-0EB4D3E8FE1E}.AppStore|iPhone.ActiveCfg = Release|Any CPU
		{11407284-FFBA-4C49-8C25-0EB4D3E8FE1E}.AppStore|iPhone.Build.0 = Release|Any CPU
		{11407284-FFBA-4C49-8C25-0EB4D3E8FE1E}.AppStore|iPhone.Deploy.0 = Release|Any CPU
		{11407284-FFBA-4C49-8C25-0EB4D3E8FE1E}.AppStore|iPhoneSimulator.ActiveCfg = Release|Any CPU
		{11407284-FFBA-4C49-8C25-0EB4D3E8FE1E}.AppStore|iPhoneSimulator.Build.0 = Release|Any CPU
		{11407284-FFBA-4C49-8C25-0EB4D3E8FE1E}.AppStore|iPhoneSimulator.Deploy.0 = Release|Any CPU
		{11407284-FFBA-4C49-8C25-0EB4D3E8FE1E}.Debug|Any CPU.ActiveCfg = Debug|Any CPU
		{11407284-FFBA-4C49-8C25-0EB4D3E8FE1E}.Debug|Any CPU.Build.0 = Debug|Any CPU
		{11407284-FFBA-4C49-8C25-0EB4D3E8FE1E}.Debug|Any CPU.Deploy.0 = Debug|Any CPU
		{11407284-FFBA-4C49-8C25-0EB4D3E8FE1E}.Debug|iPhone.ActiveCfg = Debug|Any CPU
		{11407284-FFBA-4C49-8C25-0EB4D3E8FE1E}.Debug|iPhone.Build.0 = Debug|Any CPU
		{11407284-FFBA-4C49-8C25-0EB4D3E8FE1E}.Debug|iPhone.Deploy.0 = Debug|Any CPU
		{11407284-FFBA-4C49-8C25-0EB4D3E8FE1E}.Debug|iPhoneSimulator.ActiveCfg = Debug|Any CPU
		{11407284-FFBA-4C49-8C25-0EB4D3E8FE1E}.Debug|iPhoneSimulator.Build.0 = Debug|Any CPU
		{11407284-FFBA-4C49-8C25-0EB4D3E8FE1E}.Debug|iPhoneSimulator.Deploy.0 = Debug|Any CPU
		{11407284-FFBA-4C49-8C25-0EB4D3E8FE1E}.Release|Any CPU.ActiveCfg = Release|Any CPU
		{11407284-FFBA-4C49-8C25-0EB4D3E8FE1E}.Release|Any CPU.Build.0 = Release|Any CPU
		{11407284-FFBA-4C49-8C25-0EB4D3E8FE1E}.Release|Any CPU.Deploy.0 = Release|Any CPU
		{11407284-FFBA-4C49-8C25-0EB4D3E8FE1E}.Release|iPhone.ActiveCfg = Release|Any CPU
		{11407284-FFBA-4C49-8C25-0EB4D3E8FE1E}.Release|iPhone.Build.0 = Release|Any CPU
		{11407284-FFBA-4C49-8C25-0EB4D3E8FE1E}.Release|iPhone.Deploy.0 = Release|Any CPU
		{11407284-FFBA-4C49-8C25-0EB4D3E8FE1E}.Release|iPhoneSimulator.ActiveCfg = Release|Any CPU
		{11407284-FFBA-4C49-8C25-0EB4D3E8FE1E}.Release|iPhoneSimulator.Build.0 = Release|Any CPU
		{11407284-FFBA-4C49-8C25-0EB4D3E8FE1E}.Release|iPhoneSimulator.Deploy.0 = Release|Any CPU
		{9CF12CA0-E0FD-4616-988A-5906460FF221}.Ad-Hoc|Any CPU.ActiveCfg = Release|Any CPU
		{9CF12CA0-E0FD-4616-988A-5906460FF221}.Ad-Hoc|Any CPU.Build.0 = Release|Any CPU
		{9CF12CA0-E0FD-4616-988A-5906460FF221}.Ad-Hoc|iPhone.ActiveCfg = Release|Any CPU
		{9CF12CA0-E0FD-4616-988A-5906460FF221}.Ad-Hoc|iPhone.Build.0 = Release|Any CPU
		{9CF12CA0-E0FD-4616-988A-5906460FF221}.Ad-Hoc|iPhoneSimulator.ActiveCfg = Release|Any CPU
		{9CF12CA0-E0FD-4616-988A-5906460FF221}.Ad-Hoc|iPhoneSimulator.Build.0 = Release|Any CPU
		{9CF12CA0-E0FD-4616-988A-5906460FF221}.AppStore|Any CPU.ActiveCfg = Release|Any CPU
		{9CF12CA0-E0FD-4616-988A-5906460FF221}.AppStore|Any CPU.Build.0 = Release|Any CPU
		{9CF12CA0-E0FD-4616-988A-5906460FF221}.AppStore|iPhone.ActiveCfg = Release|Any CPU
		{9CF12CA0-E0FD-4616-988A-5906460FF221}.AppStore|iPhone.Build.0 = Release|Any CPU
		{9CF12CA0-E0FD-4616-988A-5906460FF221}.AppStore|iPhoneSimulator.ActiveCfg = Release|Any CPU
		{9CF12CA0-E0FD-4616-988A-5906460FF221}.AppStore|iPhoneSimulator.Build.0 = Release|Any CPU
		{9CF12CA0-E0FD-4616-988A-5906460FF221}.Debug|Any CPU.ActiveCfg = Debug|Any CPU
		{9CF12CA0-E0FD-4616-988A-5906460FF221}.Debug|Any CPU.Build.0 = Debug|Any CPU
		{9CF12CA0-E0FD-4616-988A-5906460FF221}.Debug|iPhone.ActiveCfg = Debug|Any CPU
		{9CF12CA0-E0FD-4616-988A-5906460FF221}.Debug|iPhone.Build.0 = Debug|Any CPU
		{9CF12CA0-E0FD-4616-988A-5906460FF221}.Debug|iPhoneSimulator.ActiveCfg = Debug|Any CPU
		{9CF12CA0-E0FD-4616-988A-5906460FF221}.Debug|iPhoneSimulator.Build.0 = Debug|Any CPU
		{9CF12CA0-E0FD-4616-988A-5906460FF221}.Release|Any CPU.ActiveCfg = Release|Any CPU
		{9CF12CA0-E0FD-4616-988A-5906460FF221}.Release|Any CPU.Build.0 = Release|Any CPU
		{9CF12CA0-E0FD-4616-988A-5906460FF221}.Release|iPhone.ActiveCfg = Release|Any CPU
		{9CF12CA0-E0FD-4616-988A-5906460FF221}.Release|iPhone.Build.0 = Release|Any CPU
		{9CF12CA0-E0FD-4616-988A-5906460FF221}.Release|iPhoneSimulator.ActiveCfg = Release|Any CPU
		{9CF12CA0-E0FD-4616-988A-5906460FF221}.Release|iPhoneSimulator.Build.0 = Release|Any CPU
		{8144C2E3-931D-4C18-BD13-16AF381F583E}.Ad-Hoc|Any CPU.ActiveCfg = Ad-Hoc|iPhoneSimulator
		{8144C2E3-931D-4C18-BD13-16AF381F583E}.Ad-Hoc|iPhone.ActiveCfg = Ad-Hoc|iPhone
		{8144C2E3-931D-4C18-BD13-16AF381F583E}.Ad-Hoc|iPhone.Build.0 = Ad-Hoc|iPhone
		{8144C2E3-931D-4C18-BD13-16AF381F583E}.Ad-Hoc|iPhoneSimulator.ActiveCfg = Ad-Hoc|iPhoneSimulator
		{8144C2E3-931D-4C18-BD13-16AF381F583E}.Ad-Hoc|iPhoneSimulator.Build.0 = Ad-Hoc|iPhoneSimulator
		{8144C2E3-931D-4C18-BD13-16AF381F583E}.AppStore|Any CPU.ActiveCfg = AppStore|iPhoneSimulator
		{8144C2E3-931D-4C18-BD13-16AF381F583E}.AppStore|iPhone.ActiveCfg = AppStore|iPhone
		{8144C2E3-931D-4C18-BD13-16AF381F583E}.AppStore|iPhone.Build.0 = AppStore|iPhone
		{8144C2E3-931D-4C18-BD13-16AF381F583E}.AppStore|iPhoneSimulator.ActiveCfg = AppStore|iPhoneSimulator
		{8144C2E3-931D-4C18-BD13-16AF381F583E}.AppStore|iPhoneSimulator.Build.0 = AppStore|iPhoneSimulator
		{8144C2E3-931D-4C18-BD13-16AF381F583E}.Debug|Any CPU.ActiveCfg = Debug|iPhoneSimulator
		{8144C2E3-931D-4C18-BD13-16AF381F583E}.Debug|iPhone.ActiveCfg = Debug|iPhone
		{8144C2E3-931D-4C18-BD13-16AF381F583E}.Debug|iPhone.Build.0 = Debug|iPhone
		{8144C2E3-931D-4C18-BD13-16AF381F583E}.Debug|iPhoneSimulator.ActiveCfg = Debug|iPhoneSimulator
		{8144C2E3-931D-4C18-BD13-16AF381F583E}.Debug|iPhoneSimulator.Build.0 = Debug|iPhoneSimulator
		{8144C2E3-931D-4C18-BD13-16AF381F583E}.Release|Any CPU.ActiveCfg = Release|iPhoneSimulator
		{8144C2E3-931D-4C18-BD13-16AF381F583E}.Release|iPhone.ActiveCfg = Release|iPhone
		{8144C2E3-931D-4C18-BD13-16AF381F583E}.Release|iPhone.Build.0 = Release|iPhone
		{8144C2E3-931D-4C18-BD13-16AF381F583E}.Release|iPhoneSimulator.ActiveCfg = Release|iPhoneSimulator
		{8144C2E3-931D-4C18-BD13-16AF381F583E}.Release|iPhoneSimulator.Build.0 = Release|iPhoneSimulator
		{08B7A4E0-94C9-4B43-8130-5749CF8E7264}.Ad-Hoc|Any CPU.ActiveCfg = Release|Any CPU
		{08B7A4E0-94C9-4B43-8130-5749CF8E7264}.Ad-Hoc|Any CPU.Build.0 = Release|Any CPU
		{08B7A4E0-94C9-4B43-8130-5749CF8E7264}.Ad-Hoc|iPhone.ActiveCfg = Release|Any CPU
		{08B7A4E0-94C9-4B43-8130-5749CF8E7264}.Ad-Hoc|iPhone.Build.0 = Release|Any CPU
		{08B7A4E0-94C9-4B43-8130-5749CF8E7264}.Ad-Hoc|iPhoneSimulator.ActiveCfg = Release|Any CPU
		{08B7A4E0-94C9-4B43-8130-5749CF8E7264}.Ad-Hoc|iPhoneSimulator.Build.0 = Release|Any CPU
		{08B7A4E0-94C9-4B43-8130-5749CF8E7264}.AppStore|Any CPU.ActiveCfg = Release|Any CPU
		{08B7A4E0-94C9-4B43-8130-5749CF8E7264}.AppStore|Any CPU.Build.0 = Release|Any CPU
		{08B7A4E0-94C9-4B43-8130-5749CF8E7264}.AppStore|iPhone.ActiveCfg = Release|Any CPU
		{08B7A4E0-94C9-4B43-8130-5749CF8E7264}.AppStore|iPhone.Build.0 = Release|Any CPU
		{08B7A4E0-94C9-4B43-8130-5749CF8E7264}.AppStore|iPhoneSimulator.ActiveCfg = Release|Any CPU
		{08B7A4E0-94C9-4B43-8130-5749CF8E7264}.AppStore|iPhoneSimulator.Build.0 = Release|Any CPU
		{08B7A4E0-94C9-4B43-8130-5749CF8E7264}.Debug|Any CPU.ActiveCfg = Debug|Any CPU
		{08B7A4E0-94C9-4B43-8130-5749CF8E7264}.Debug|Any CPU.Build.0 = Debug|Any CPU
		{08B7A4E0-94C9-4B43-8130-5749CF8E7264}.Debug|iPhone.ActiveCfg = Debug|Any CPU
		{08B7A4E0-94C9-4B43-8130-5749CF8E7264}.Debug|iPhone.Build.0 = Debug|Any CPU
		{08B7A4E0-94C9-4B43-8130-5749CF8E7264}.Debug|iPhoneSimulator.ActiveCfg = Debug|Any CPU
		{08B7A4E0-94C9-4B43-8130-5749CF8E7264}.Debug|iPhoneSimulator.Build.0 = Debug|Any CPU
		{08B7A4E0-94C9-4B43-8130-5749CF8E7264}.Release|Any CPU.ActiveCfg = Release|Any CPU
		{08B7A4E0-94C9-4B43-8130-5749CF8E7264}.Release|Any CPU.Build.0 = Release|Any CPU
		{08B7A4E0-94C9-4B43-8130-5749CF8E7264}.Release|iPhone.ActiveCfg = Release|Any CPU
		{08B7A4E0-94C9-4B43-8130-5749CF8E7264}.Release|iPhone.Build.0 = Release|Any CPU
		{08B7A4E0-94C9-4B43-8130-5749CF8E7264}.Release|iPhoneSimulator.ActiveCfg = Release|Any CPU
		{08B7A4E0-94C9-4B43-8130-5749CF8E7264}.Release|iPhoneSimulator.Build.0 = Release|Any CPU
	EndGlobalSection
	GlobalSection(SolutionProperties) = preSolution
		HideSolutionNode = FALSE
	EndGlobalSection
	GlobalSection(ExtensibilityGlobals) = postSolution
		SolutionGuid = {36AB753B-3405-4FED-ADFD-9BAF42F192B0}
	EndGlobalSection
EndGlobal
